// !$*UTF8*$!
{
	archiveVersion = 1;
	classes = {
	};
	objectVersion = 56;
	objects = {

/* Begin PBXBuildFile section */
		097475E42C630FD3008CB61B /* swiftPracticeApp.swift in Sources */ = {isa = PBXBuildFile; fileRef = 097475E32C630FD3008CB61B /* swiftPracticeApp.swift */; };
		097475E62C630FD3008CB61B /* ContentView.swift in Sources */ = {isa = PBXBuildFile; fileRef = 097475E52C630FD3008CB61B /* ContentView.swift */; };
		097475E82C630FD4008CB61B /* Assets.xcassets in Resources */ = {isa = PBXBuildFile; fileRef = 097475E72C630FD4008CB61B /* Assets.xcassets */; };
		097475EC2C630FD4008CB61B /* Preview Assets.xcassets in Resources */ = {isa = PBXBuildFile; fileRef = 097475EB2C630FD4008CB61B /* Preview Assets.xcassets */; };
		097475F62C630FD4008CB61B /* swiftPracticeTests.swift in Sources */ = {isa = PBXBuildFile; fileRef = 097475F52C630FD4008CB61B /* swiftPracticeTests.swift */; };
		097476002C630FD4008CB61B /* swiftPracticeUITests.swift in Sources */ = {isa = PBXBuildFile; fileRef = 097475FF2C630FD4008CB61B /* swiftPracticeUITests.swift */; };
		097476022C630FD4008CB61B /* swiftPracticeUITestsLaunchTests.swift in Sources */ = {isa = PBXBuildFile; fileRef = 097476012C630FD4008CB61B /* swiftPracticeUITestsLaunchTests.swift */; };
		0995554C2C6341640060591E /* WelcomePage.swift in Sources */ = {isa = PBXBuildFile; fileRef = 0995554B2C6341640060591E /* WelcomePage.swift */; };
		0995554E2C634C0E0060591E /* FeaturesPage.swift in Sources */ = {isa = PBXBuildFile; fileRef = 0995554D2C634C0E0060591E /* FeaturesPage.swift */; };
		099555502C634C380060591E /* FeatureCard.swift in Sources */ = {isa = PBXBuildFile; fileRef = 0995554F2C634C380060591E /* FeatureCard.swift */; };
		099555522C6361000060591E /* DiceView.swift in Sources */ = {isa = PBXBuildFile; fileRef = 099555512C6361000060591E /* DiceView.swift */; };
/* End PBXBuildFile section */

/* Begin PBXContainerItemProxy section */
		097475F22C630FD4008CB61B /* PBXContainerItemProxy */ = {
			isa = PBXContainerItemProxy;
			containerPortal = 097475D82C630FD3008CB61B /* Project object */;
			proxyType = 1;
			remoteGlobalIDString = 097475DF2C630FD3008CB61B;
			remoteInfo = swiftPractice;
		};
		097475FC2C630FD4008CB61B /* PBXContainerItemProxy */ = {
			isa = PBXContainerItemProxy;
			containerPortal = 097475D82C630FD3008CB61B /* Project object */;
			proxyType = 1;
			remoteGlobalIDString = 097475DF2C630FD3008CB61B;
			remoteInfo = swiftPractice;
		};
/* End PBXContainerItemProxy section */

/* Begin PBXFileReference section */
		097475E02C630FD3008CB61B /* swiftPractice.app */ = {isa = PBXFileReference; explicitFileType = wrapper.application; includeInIndex = 0; path = swiftPractice.app; sourceTree = BUILT_PRODUCTS_DIR; };
		097475E32C630FD3008CB61B /* swiftPracticeApp.swift */ = {isa = PBXFileReference; lastKnownFileType = sourcecode.swift; path = swiftPracticeApp.swift; sourceTree = "<group>"; };
		097475E52C630FD3008CB61B /* ContentView.swift */ = {isa = PBXFileReference; lastKnownFileType = sourcecode.swift; path = ContentView.swift; sourceTree = "<group>"; };
		097475E72C630FD4008CB61B /* Assets.xcassets */ = {isa = PBXFileReference; lastKnownFileType = folder.assetcatalog; path = Assets.xcassets; sourceTree = "<group>"; };
		097475E92C630FD4008CB61B /* swiftPractice.entitlements */ = {isa = PBXFileReference; lastKnownFileType = text.plist.entitlements; path = swiftPractice.entitlements; sourceTree = "<group>"; };
		097475EB2C630FD4008CB61B /* Preview Assets.xcassets */ = {isa = PBXFileReference; lastKnownFileType = folder.assetcatalog; path = "Preview Assets.xcassets"; sourceTree = "<group>"; };
		097475F12C630FD4008CB61B /* swiftPracticeTests.xctest */ = {isa = PBXFileReference; explicitFileType = wrapper.cfbundle; includeInIndex = 0; path = swiftPracticeTests.xctest; sourceTree = BUILT_PRODUCTS_DIR; };
		097475F52C630FD4008CB61B /* swiftPracticeTests.swift */ = {isa = PBXFileReference; lastKnownFileType = sourcecode.swift; path = swiftPracticeTests.swift; sourceTree = "<group>"; };
		097475FB2C630FD4008CB61B /* swiftPracticeUITests.xctest */ = {isa = PBXFileReference; explicitFileType = wrapper.cfbundle; includeInIndex = 0; path = swiftPracticeUITests.xctest; sourceTree = BUILT_PRODUCTS_DIR; };
		097475FF2C630FD4008CB61B /* swiftPracticeUITests.swift */ = {isa = PBXFileReference; lastKnownFileType = sourcecode.swift; path = swiftPracticeUITests.swift; sourceTree = "<group>"; };
		097476012C630FD4008CB61B /* swiftPracticeUITestsLaunchTests.swift */ = {isa = PBXFileReference; lastKnownFileType = sourcecode.swift; path = swiftPracticeUITestsLaunchTests.swift; sourceTree = "<group>"; };
		0995554B2C6341640060591E /* WelcomePage.swift */ = {isa = PBXFileReference; lastKnownFileType = sourcecode.swift; path = WelcomePage.swift; sourceTree = "<group>"; };
		0995554D2C634C0E0060591E /* FeaturesPage.swift */ = {isa = PBXFileReference; lastKnownFileType = sourcecode.swift; path = FeaturesPage.swift; sourceTree = "<group>"; };
		0995554F2C634C380060591E /* FeatureCard.swift */ = {isa = PBXFileReference; lastKnownFileType = sourcecode.swift; path = FeatureCard.swift; sourceTree = "<group>"; };
		099555512C6361000060591E /* DiceView.swift */ = {isa = PBXFileReference; lastKnownFileType = sourcecode.swift; path = DiceView.swift; sourceTree = "<group>"; };
/* End PBXFileReference section */

/* Begin PBXFrameworksBuildPhase section */
		097475DD2C630FD3008CB61B /* Frameworks */ = {
			isa = PBXFrameworksBuildPhase;
			buildActionMask = 2147483647;
			files = (
			);
			runOnlyForDeploymentPostprocessing = 0;
		};
		097475EE2C630FD4008CB61B /* Frameworks */ = {
			isa = PBXFrameworksBuildPhase;
			buildActionMask = 2147483647;
			files = (
			);
			runOnlyForDeploymentPostprocessing = 0;
		};
		097475F82C630FD4008CB61B /* Frameworks */ = {
			isa = PBXFrameworksBuildPhase;
			buildActionMask = 2147483647;
			files = (
			);
			runOnlyForDeploymentPostprocessing = 0;
		};
/* End PBXFrameworksBuildPhase section */

/* Begin PBXGroup section */
		097475D72C630FD3008CB61B = {
			isa = PBXGroup;
			children = (
				097475E22C630FD3008CB61B /* swiftPractice */,
				097475F42C630FD4008CB61B /* swiftPracticeTests */,
				097475FE2C630FD4008CB61B /* swiftPracticeUITests */,
				097475E12C630FD3008CB61B /* Products */,
			);
			sourceTree = "<group>";
		};
		097475E12C630FD3008CB61B /* Products */ = {
			isa = PBXGroup;
			children = (
				097475E02C630FD3008CB61B /* swiftPractice.app */,
				097475F12C630FD4008CB61B /* swiftPracticeTests.xctest */,
				097475FB2C630FD4008CB61B /* swiftPracticeUITests.xctest */,
			);
			name = Products;
			sourceTree = "<group>";
		};
		097475E22C630FD3008CB61B /* swiftPractice */ = {
			isa = PBXGroup;
			children = (
				099555512C6361000060591E /* DiceView.swift */,
				097475E32C630FD3008CB61B /* swiftPracticeApp.swift */,
				097475E52C630FD3008CB61B /* ContentView.swift */,
				0995554B2C6341640060591E /* WelcomePage.swift */,
				0995554D2C634C0E0060591E /* FeaturesPage.swift */,
				0995554F2C634C380060591E /* FeatureCard.swift */,
				097475E72C630FD4008CB61B /* Assets.xcassets */,
				097475E92C630FD4008CB61B /* swiftPractice.entitlements */,
				097475EA2C630FD4008CB61B /* Preview Content */,
			);
			path = swiftPractice;
			sourceTree = "<group>";
		};
		097475EA2C630FD4008CB61B /* Preview Content */ = {
			isa = PBXGroup;
			children = (
				097475EB2C630FD4008CB61B /* Preview Assets.xcassets */,
			);
			path = "Preview Content";
			sourceTree = "<group>";
		};
		097475F42C630FD4008CB61B /* swiftPracticeTests */ = {
			isa = PBXGroup;
			children = (
				097475F52C630FD4008CB61B /* swiftPracticeTests.swift */,
			);
			path = swiftPracticeTests;
			sourceTree = "<group>";
		};
		097475FE2C630FD4008CB61B /* swiftPracticeUITests */ = {
			isa = PBXGroup;
			children = (
				097475FF2C630FD4008CB61B /* swiftPracticeUITests.swift */,
				097476012C630FD4008CB61B /* swiftPracticeUITestsLaunchTests.swift */,
			);
			path = swiftPracticeUITests;
			sourceTree = "<group>";
		};
/* End PBXGroup section */

/* Begin PBXNativeTarget section */
		097475DF2C630FD3008CB61B /* swiftPractice */ = {
			isa = PBXNativeTarget;
			buildConfigurationList = 097476052C630FD4008CB61B /* Build configuration list for PBXNativeTarget "swiftPractice" */;
			buildPhases = (
				097475DC2C630FD3008CB61B /* Sources */,
				097475DD2C630FD3008CB61B /* Frameworks */,
				097475DE2C630FD3008CB61B /* Resources */,
			);
			buildRules = (
			);
			dependencies = (
			);
			name = swiftPractice;
			productName = swiftPractice;
			productReference = 097475E02C630FD3008CB61B /* swiftPractice.app */;
			productType = "com.apple.product-type.application";
		};
		097475F02C630FD4008CB61B /* swiftPracticeTests */ = {
			isa = PBXNativeTarget;
			buildConfigurationList = 097476082C630FD4008CB61B /* Build configuration list for PBXNativeTarget "swiftPracticeTests" */;
			buildPhases = (
				097475ED2C630FD4008CB61B /* Sources */,
				097475EE2C630FD4008CB61B /* Frameworks */,
				097475EF2C630FD4008CB61B /* Resources */,
			);
			buildRules = (
			);
			dependencies = (
				097475F32C630FD4008CB61B /* PBXTargetDependency */,
			);
			name = swiftPracticeTests;
			productName = swiftPracticeTests;
			productReference = 097475F12C630FD4008CB61B /* swiftPracticeTests.xctest */;
			productType = "com.apple.product-type.bundle.unit-test";
		};
		097475FA2C630FD4008CB61B /* swiftPracticeUITests */ = {
			isa = PBXNativeTarget;
			buildConfigurationList = 0974760B2C630FD4008CB61B /* Build configuration list for PBXNativeTarget "swiftPracticeUITests" */;
			buildPhases = (
				097475F72C630FD4008CB61B /* Sources */,
				097475F82C630FD4008CB61B /* Frameworks */,
				097475F92C630FD4008CB61B /* Resources */,
			);
			buildRules = (
			);
			dependencies = (
				097475FD2C630FD4008CB61B /* PBXTargetDependency */,
			);
			name = swiftPracticeUITests;
			productName = swiftPracticeUITests;
			productReference = 097475FB2C630FD4008CB61B /* swiftPracticeUITests.xctest */;
			productType = "com.apple.product-type.bundle.ui-testing";
		};
/* End PBXNativeTarget section */

/* Begin PBXProject section */
		097475D82C630FD3008CB61B /* Project object */ = {
			isa = PBXProject;
			attributes = {
				BuildIndependentTargetsInParallel = 1;
				LastSwiftUpdateCheck = 1540;
				LastUpgradeCheck = 1540;
				TargetAttributes = {
					097475DF2C630FD3008CB61B = {
						CreatedOnToolsVersion = 15.4;
					};
					097475F02C630FD4008CB61B = {
						CreatedOnToolsVersion = 15.4;
						TestTargetID = 097475DF2C630FD3008CB61B;
					};
					097475FA2C630FD4008CB61B = {
						CreatedOnToolsVersion = 15.4;
						TestTargetID = 097475DF2C630FD3008CB61B;
					};
				};
			};
			buildConfigurationList = 097475DB2C630FD3008CB61B /* Build configuration list for PBXProject "swiftPractice" */;
			compatibilityVersion = "Xcode 14.0";
			developmentRegion = en;
			hasScannedForEncodings = 0;
			knownRegions = (
				en,
				Base,
			);
			mainGroup = 097475D72C630FD3008CB61B;
			productRefGroup = 097475E12C630FD3008CB61B /* Products */;
			projectDirPath = "";
			projectRoot = "";
			targets = (
				097475DF2C630FD3008CB61B /* swiftPractice */,
				097475F02C630FD4008CB61B /* swiftPracticeTests */,
				097475FA2C630FD4008CB61B /* swiftPracticeUITests */,
			);
		};
/* End PBXProject section */

/* Begin PBXResourcesBuildPhase section */
		097475DE2C630FD3008CB61B /* Resources */ = {
			isa = PBXResourcesBuildPhase;
			buildActionMask = 2147483647;
			files = (
				097475EC2C630FD4008CB61B /* Preview Assets.xcassets in Resources */,
				097475E82C630FD4008CB61B /* Assets.xcassets in Resources */,
			);
			runOnlyForDeploymentPostprocessing = 0;
		};
		097475EF2C630FD4008CB61B /* Resources */ = {
			isa = PBXResourcesBuildPhase;
			buildActionMask = 2147483647;
			files = (
			);
			runOnlyForDeploymentPostprocessing = 0;
		};
		097475F92C630FD4008CB61B /* Resources */ = {
			isa = PBXResourcesBuildPhase;
			buildActionMask = 2147483647;
			files = (
			);
			runOnlyForDeploymentPostprocessing = 0;
		};
/* End PBXResourcesBuildPhase section */

/* Begin PBXSourcesBuildPhase section */
		097475DC2C630FD3008CB61B /* Sources */ = {
			isa = PBXSourcesBuildPhase;
			buildActionMask = 2147483647;
			files = (
				0995554C2C6341640060591E /* WelcomePage.swift in Sources */,
				099555522C6361000060591E /* DiceView.swift in Sources */,
				0995554E2C634C0E0060591E /* FeaturesPage.swift in Sources */,
				097475E62C630FD3008CB61B /* ContentView.swift in Sources */,
				097475E42C630FD3008CB61B /* swiftPracticeApp.swift in Sources */,
				099555502C634C380060591E /* FeatureCard.swift in Sources */,
			);
			runOnlyForDeploymentPostprocessing = 0;
		};
		097475ED2C630FD4008CB61B /* Sources */ = {
			isa = PBXSourcesBuildPhase;
			buildActionMask = 2147483647;
			files = (
				097475F62C630FD4008CB61B /* swiftPracticeTests.swift in Sources */,
			);
			runOnlyForDeploymentPostprocessing = 0;
		};
		097475F72C630FD4008CB61B /* Sources */ = {
			isa = PBXSourcesBuildPhase;
			buildActionMask = 2147483647;
			files = (
				097476002C630FD4008CB61B /* swiftPracticeUITests.swift in Sources */,
				097476022C630FD4008CB61B /* swiftPracticeUITestsLaunchTests.swift in Sources */,
			);
			runOnlyForDeploymentPostprocessing = 0;
		};
/* End PBXSourcesBuildPhase section */

/* Begin PBXTargetDependency section */
		097475F32C630FD4008CB61B /* PBXTargetDependency */ = {
			isa = PBXTargetDependency;
			target = 097475DF2C630FD3008CB61B /* swiftPractice */;
			targetProxy = 097475F22C630FD4008CB61B /* PBXContainerItemProxy */;
		};
		097475FD2C630FD4008CB61B /* PBXTargetDependency */ = {
			isa = PBXTargetDependency;
			target = 097475DF2C630FD3008CB61B /* swiftPractice */;
			targetProxy = 097475FC2C630FD4008CB61B /* PBXContainerItemProxy */;
		};
/* End PBXTargetDependency section */

/* Begin XCBuildConfiguration section */
		097476032C630FD4008CB61B /* Debug */ = {
			isa = XCBuildConfiguration;
			buildSettings = {
				ALWAYS_SEARCH_USER_PATHS = NO;
				ASSETCATALOG_COMPILER_GENERATE_SWIFT_ASSET_SYMBOL_EXTENSIONS = YES;
				CLANG_ANALYZER_NONNULL = YES;
				CLANG_ANALYZER_NUMBER_OBJECT_CONVERSION = YES_AGGRESSIVE;
				CLANG_CXX_LANGUAGE_STANDARD = "gnu++20";
				CLANG_ENABLE_MODULES = YES;
				CLANG_ENABLE_OBJC_ARC = YES;
				CLANG_ENABLE_OBJC_WEAK = YES;
				CLANG_WARN_BLOCK_CAPTURE_AUTORELEASING = YES;
				CLANG_WARN_BOOL_CONVERSION = YES;
				CLANG_WARN_COMMA = YES;
				CLANG_WARN_CONSTANT_CONVERSION = YES;
				CLANG_WARN_DEPRECATED_OBJC_IMPLEMENTATIONS = YES;
				CLANG_WARN_DIRECT_OBJC_ISA_USAGE = YES_ERROR;
				CLANG_WARN_DOCUMENTATION_COMMENTS = YES;
				CLANG_WARN_EMPTY_BODY = YES;
				CLANG_WARN_ENUM_CONVERSION = YES;
				CLANG_WARN_INFINITE_RECURSION = YES;
				CLANG_WARN_INT_CONVERSION = YES;
				CLANG_WARN_NON_LITERAL_NULL_CONVERSION = YES;
				CLANG_WARN_OBJC_IMPLICIT_RETAIN_SELF = YES;
				CLANG_WARN_OBJC_LITERAL_CONVERSION = YES;
				CLANG_WARN_OBJC_ROOT_CLASS = YES_ERROR;
				CLANG_WARN_QUOTED_INCLUDE_IN_FRAMEWORK_HEADER = YES;
				CLANG_WARN_RANGE_LOOP_ANALYSIS = YES;
				CLANG_WARN_STRICT_PROTOTYPES = YES;
				CLANG_WARN_SUSPICIOUS_MOVE = YES;
				CLANG_WARN_UNGUARDED_AVAILABILITY = YES_AGGRESSIVE;
				CLANG_WARN_UNREACHABLE_CODE = YES;
				CLANG_WARN__DUPLICATE_METHOD_MATCH = YES;
				COPY_PHASE_STRIP = NO;
				DEBUG_INFORMATION_FORMAT = dwarf;
				ENABLE_STRICT_OBJC_MSGSEND = YES;
				ENABLE_TESTABILITY = YES;
				ENABLE_USER_SCRIPT_SANDBOXING = YES;
				GCC_C_LANGUAGE_STANDARD = gnu17;
				GCC_DYNAMIC_NO_PIC = NO;
				GCC_NO_COMMON_BLOCKS = YES;
				GCC_OPTIMIZATION_LEVEL = 0;
				GCC_PREPROCESSOR_DEFINITIONS = (
					"DEBUG=1",
					"$(inherited)",
				);
				GCC_WARN_64_TO_32_BIT_CONVERSION = YES;
				GCC_WARN_ABOUT_RETURN_TYPE = YES_ERROR;
				GCC_WARN_UNDECLARED_SELECTOR = YES;
				GCC_WARN_UNINITIALIZED_AUTOS = YES_AGGRESSIVE;
				GCC_WARN_UNUSED_FUNCTION = YES;
				GCC_WARN_UNUSED_VARIABLE = YES;
				LOCALIZATION_PREFERS_STRING_CATALOGS = YES;
				MTL_ENABLE_DEBUG_INFO = INCLUDE_SOURCE;
				MTL_FAST_MATH = YES;
				ONLY_ACTIVE_ARCH = YES;
				SWIFT_ACTIVE_COMPILATION_CONDITIONS = "DEBUG $(inherited)";
				SWIFT_OPTIMIZATION_LEVEL = "-Onone";
			};
			name = Debug;
		};
		097476042C630FD4008CB61B /* Release */ = {
			isa = XCBuildConfiguration;
			buildSettings = {
				ALWAYS_SEARCH_USER_PATHS = NO;
				ASSETCATALOG_COMPILER_GENERATE_SWIFT_ASSET_SYMBOL_EXTENSIONS = YES;
				CLANG_ANALYZER_NONNULL = YES;
				CLANG_ANALYZER_NUMBER_OBJECT_CONVERSION = YES_AGGRESSIVE;
				CLANG_CXX_LANGUAGE_STANDARD = "gnu++20";
				CLANG_ENABLE_MODULES = YES;
				CLANG_ENABLE_OBJC_ARC = YES;
				CLANG_ENABLE_OBJC_WEAK = YES;
				CLANG_WARN_BLOCK_CAPTURE_AUTORELEASING = YES;
				CLANG_WARN_BOOL_CONVERSION = YES;
				CLANG_WARN_COMMA = YES;
				CLANG_WARN_CONSTANT_CONVERSION = YES;
				CLANG_WARN_DEPRECATED_OBJC_IMPLEMENTATIONS = YES;
				CLANG_WARN_DIRECT_OBJC_ISA_USAGE = YES_ERROR;
				CLANG_WARN_DOCUMENTATION_COMMENTS = YES;
				CLANG_WARN_EMPTY_BODY = YES;
				CLANG_WARN_ENUM_CONVERSION = YES;
				CLANG_WARN_INFINITE_RECURSION = YES;
				CLANG_WARN_INT_CONVERSION = YES;
				CLANG_WARN_NON_LITERAL_NULL_CONVERSION = YES;
				CLANG_WARN_OBJC_IMPLICIT_RETAIN_SELF = YES;
				CLANG_WARN_OBJC_LITERAL_CONVERSION = YES;
				CLANG_WARN_OBJC_ROOT_CLASS = YES_ERROR;
				CLANG_WARN_QUOTED_INCLUDE_IN_FRAMEWORK_HEADER = YES;
				CLANG_WARN_RANGE_LOOP_ANALYSIS = YES;
				CLANG_WARN_STRICT_PROTOTYPES = YES;
				CLANG_WARN_SUSPICIOUS_MOVE = YES;
				CLANG_WARN_UNGUARDED_AVAILABILITY = YES_AGGRESSIVE;
				CLANG_WARN_UNREACHABLE_CODE = YES;
				CLANG_WARN__DUPLICATE_METHOD_MATCH = YES;
				COPY_PHASE_STRIP = NO;
				DEBUG_INFORMATION_FORMAT = "dwarf-with-dsym";
				ENABLE_NS_ASSERTIONS = NO;
				ENABLE_STRICT_OBJC_MSGSEND = YES;
				ENABLE_USER_SCRIPT_SANDBOXING = YES;
				GCC_C_LANGUAGE_STANDARD = gnu17;
				GCC_NO_COMMON_BLOCKS = YES;
				GCC_WARN_64_TO_32_BIT_CONVERSION = YES;
				GCC_WARN_ABOUT_RETURN_TYPE = YES_ERROR;
				GCC_WARN_UNDECLARED_SELECTOR = YES;
				GCC_WARN_UNINITIALIZED_AUTOS = YES_AGGRESSIVE;
				GCC_WARN_UNUSED_FUNCTION = YES;
				GCC_WARN_UNUSED_VARIABLE = YES;
				LOCALIZATION_PREFERS_STRING_CATALOGS = YES;
				MTL_ENABLE_DEBUG_INFO = NO;
				MTL_FAST_MATH = YES;
				SWIFT_COMPILATION_MODE = wholemodule;
			};
			name = Release;
		};
		097476062C630FD4008CB61B /* Debug */ = {
			isa = XCBuildConfiguration;
			buildSettings = {
				ASSETCATALOG_COMPILER_APPICON_NAME = AppIcon;
				ASSETCATALOG_COMPILER_GLOBAL_ACCENT_COLOR_NAME = AccentColor;
				CODE_SIGN_ENTITLEMENTS = swiftPractice/swiftPractice.entitlements;
				CODE_SIGN_STYLE = Automatic;
				CURRENT_PROJECT_VERSION = 1;
				DEVELOPMENT_ASSET_PATHS = "\"swiftPractice/Preview Content\"";
				ENABLE_PREVIEWS = YES;
				GENERATE_INFOPLIST_FILE = YES;
				"INFOPLIST_KEY_UIApplicationSceneManifest_Generation[sdk=iphoneos*]" = YES;
				"INFOPLIST_KEY_UIApplicationSceneManifest_Generation[sdk=iphonesimulator*]" = YES;
				"INFOPLIST_KEY_UIApplicationSupportsIndirectInputEvents[sdk=iphoneos*]" = YES;
				"INFOPLIST_KEY_UIApplicationSupportsIndirectInputEvents[sdk=iphonesimulator*]" = YES;
				"INFOPLIST_KEY_UILaunchScreen_Generation[sdk=iphoneos*]" = YES;
				"INFOPLIST_KEY_UILaunchScreen_Generation[sdk=iphonesimulator*]" = YES;
				"INFOPLIST_KEY_UIStatusBarStyle[sdk=iphoneos*]" = UIStatusBarStyleDefault;
				"INFOPLIST_KEY_UIStatusBarStyle[sdk=iphonesimulator*]" = UIStatusBarStyleDefault;
				INFOPLIST_KEY_UISupportedInterfaceOrientations_iPad = "UIInterfaceOrientationPortrait UIInterfaceOrientationPortraitUpsideDown UIInterfaceOrientationLandscapeLeft UIInterfaceOrientationLandscapeRight";
				INFOPLIST_KEY_UISupportedInterfaceOrientations_iPhone = "UIInterfaceOrientationPortrait UIInterfaceOrientationLandscapeLeft UIInterfaceOrientationLandscapeRight";
				IPHONEOS_DEPLOYMENT_TARGET = 17.5;
				LD_RUNPATH_SEARCH_PATHS = "@executable_path/Frameworks";
				"LD_RUNPATH_SEARCH_PATHS[sdk=macosx*]" = "@executable_path/../Frameworks";
				MACOSX_DEPLOYMENT_TARGET = 14.4;
				MARKETING_VERSION = 1.0;
				PRODUCT_BUNDLE_IDENTIFIER = name.suyeon.swiftPractice;
				PRODUCT_NAME = "$(TARGET_NAME)";
				SDKROOT = auto;
				SUPPORTED_PLATFORMS = "iphoneos iphonesimulator macosx";
				SWIFT_EMIT_LOC_STRINGS = YES;
				SWIFT_VERSION = 5.0;
				TARGETED_DEVICE_FAMILY = "1,2";
			};
			name = Debug;
		};
		097476072C630FD4008CB61B /* Release */ = {
			isa = XCBuildConfiguration;
			buildSettings = {
				ASSETCATALOG_COMPILER_APPICON_NAME = AppIcon;
				ASSETCATALOG_COMPILER_GLOBAL_ACCENT_COLOR_NAME = AccentColor;
				CODE_SIGN_ENTITLEMENTS = swiftPractice/swiftPractice.entitlements;
				CODE_SIGN_STYLE = Automatic;
				CURRENT_PROJECT_VERSION = 1;
				DEVELOPMENT_ASSET_PATHS = "\"swiftPractice/Preview Content\"";
				ENABLE_PREVIEWS = YES;
				GENERATE_INFOPLIST_FILE = YES;
				"INFOPLIST_KEY_UIApplicationSceneManifest_Generation[sdk=iphoneos*]" = YES;
				"INFOPLIST_KEY_UIApplicationSceneManifest_Generation[sdk=iphonesimulator*]" = YES;
				"INFOPLIST_KEY_UIApplicationSupportsIndirectInputEvents[sdk=iphoneos*]" = YES;
				"INFOPLIST_KEY_UIApplicationSupportsIndirectInputEvents[sdk=iphonesimulator*]" = YES;
				"INFOPLIST_KEY_UILaunchScreen_Generation[sdk=iphoneos*]" = YES;
				"INFOPLIST_KEY_UILaunchScreen_Generation[sdk=iphonesimulator*]" = YES;
				"INFOPLIST_KEY_UIStatusBarStyle[sdk=iphoneos*]" = UIStatusBarStyleDefault;
				"INFOPLIST_KEY_UIStatusBarStyle[sdk=iphonesimulator*]" = UIStatusBarStyleDefault;
				INFOPLIST_KEY_UISupportedInterfaceOrientations_iPad = "UIInterfaceOrientationPortrait UIInterfaceOrientationPortraitUpsideDown UIInterfaceOrientationLandscapeLeft UIInterfaceOrientationLandscapeRight";
				INFOPLIST_KEY_UISupportedInterfaceOrientations_iPhone = "UIInterfaceOrientationPortrait UIInterfaceOrientationLandscapeLeft UIInterfaceOrientationLandscapeRight";
				IPHONEOS_DEPLOYMENT_TARGET = 17.5;
				LD_RUNPATH_SEARCH_PATHS = "@executable_path/Frameworks";
				"LD_RUNPATH_SEARCH_PATHS[sdk=macosx*]" = "@executable_path/../Frameworks";
				MACOSX_DEPLOYMENT_TARGET = 14.4;
				MARKETING_VERSION = 1.0;
				PRODUCT_BUNDLE_IDENTIFIER = name.suyeon.swiftPractice;
				PRODUCT_NAME = "$(TARGET_NAME)";
				SDKROOT = auto;
				SUPPORTED_PLATFORMS = "iphoneos iphonesimulator macosx";
				SWIFT_EMIT_LOC_STRINGS = YES;
				SWIFT_VERSION = 5.0;
				TARGETED_DEVICE_FAMILY = "1,2";
			};
			name = Release;
		};
		097476092C630FD4008CB61B /* Debug */ = {
			isa = XCBuildConfiguration;
			buildSettings = {
				ALWAYS_EMBED_SWIFT_STANDARD_LIBRARIES = YES;
				BUNDLE_LOADER = "$(TEST_HOST)";
				CODE_SIGN_STYLE = Automatic;
				CURRENT_PROJECT_VERSION = 1;
				GENERATE_INFOPLIST_FILE = YES;
				IPHONEOS_DEPLOYMENT_TARGET = 17.5;
				MACOSX_DEPLOYMENT_TARGET = 14.4;
				MARKETING_VERSION = 1.0;
				PRODUCT_BUNDLE_IDENTIFIER = name.suyeon.swiftPracticeTests;
				PRODUCT_NAME = "$(TARGET_NAME)";
				SDKROOT = auto;
				SUPPORTED_PLATFORMS = "iphoneos iphonesimulator macosx";
				SWIFT_EMIT_LOC_STRINGS = NO;
				SWIFT_VERSION = 5.0;
				TARGETED_DEVICE_FAMILY = "1,2";
				TEST_HOST = "$(BUILT_PRODUCTS_DIR)/swiftPractice.app/$(BUNDLE_EXECUTABLE_FOLDER_PATH)/swiftPractice";
			};
			name = Debug;
		};
		0974760A2C630FD4008CB61B /* Release */ = {
			isa = XCBuildConfiguration;
			buildSettings = {
				ALWAYS_EMBED_SWIFT_STANDARD_LIBRARIES = YES;
				BUNDLE_LOADER = "$(TEST_HOST)";
				CODE_SIGN_STYLE = Automatic;
				CURRENT_PROJECT_VERSION = 1;
				GENERATE_INFOPLIST_FILE = YES;
				IPHONEOS_DEPLOYMENT_TARGET = 17.5;
				MACOSX_DEPLOYMENT_TARGET = 14.4;
				MARKETING_VERSION = 1.0;
				PRODUCT_BUNDLE_IDENTIFIER = name.suyeon.swiftPracticeTests;
				PRODUCT_NAME = "$(TARGET_NAME)";
				SDKROOT = auto;
				SUPPORTED_PLATFORMS = "iphoneos iphonesimulator macosx";
				SWIFT_EMIT_LOC_STRINGS = NO;
				SWIFT_VERSION = 5.0;
				TARGETED_DEVICE_FAMILY = "1,2";
				TEST_HOST = "$(BUILT_PRODUCTS_DIR)/swiftPractice.app/$(BUNDLE_EXECUTABLE_FOLDER_PATH)/swiftPractice";
			};
			name = Release;
		};
		0974760C2C630FD4008CB61B /* Debug */ = {
			isa = XCBuildConfiguration;
			buildSettings = {
				ALWAYS_EMBED_SWIFT_STANDARD_LIBRARIES = YES;
				CODE_SIGN_STYLE = Automatic;
				CURRENT_PROJECT_VERSION = 1;
				GENERATE_INFOPLIST_FILE = YES;
				IPHONEOS_DEPLOYMENT_TARGET = 17.5;
				MACOSX_DEPLOYMENT_TARGET = 14.4;
				MARKETING_VERSION = 1.0;
				PRODUCT_BUNDLE_IDENTIFIER = name.suyeon.swiftPracticeUITests;
				PRODUCT_NAME = "$(TARGET_NAME)";
				SDKROOT = auto;
				SUPPORTED_PLATFORMS = "iphoneos iphonesimulator macosx";
				SWIFT_EMIT_LOC_STRINGS = NO;
				SWIFT_VERSION = 5.0;
				TARGETED_DEVICE_FAMILY = "1,2";
				TEST_TARGET_NAME = swiftPractice;
			};
			name = Debug;
		};
		0974760D2C630FD4008CB61B /* Release */ = {
			isa = XCBuildConfiguration;
			buildSettings = {
				ALWAYS_EMBED_SWIFT_STANDARD_LIBRARIES = YES;
				CODE_SIGN_STYLE = Automatic;
				CURRENT_PROJECT_VERSION = 1;
				GENERATE_INFOPLIST_FILE = YES;
				IPHONEOS_DEPLOYMENT_TARGET = 17.5;
				MACOSX_DEPLOYMENT_TARGET = 14.4;
				MARKETING_VERSION = 1.0;
				PRODUCT_BUNDLE_IDENTIFIER = name.suyeon.swiftPracticeUITests;
				PRODUCT_NAME = "$(TARGET_NAME)";
				SDKROOT = auto;
				SUPPORTED_PLATFORMS = "iphoneos iphonesimulator macosx";
				SWIFT_EMIT_LOC_STRINGS = NO;
				SWIFT_VERSION = 5.0;
				TARGETED_DEVICE_FAMILY = "1,2";
				TEST_TARGET_NAME = swiftPractice;
			};
			name = Release;
		};
/* End XCBuildConfiguration section */

/* Begin XCConfigurationList section */
		097475DB2C630FD3008CB61B /* Build configuration list for PBXProject "swiftPractice" */ = {
			isa = XCConfigurationList;
			buildConfigurations = (
				097476032C630FD4008CB61B /* Debug */,
				097476042C630FD4008CB61B /* Release */,
			);
			defaultConfigurationIsVisible = 0;
			defaultConfigurationName = Release;
		};
		097476052C630FD4008CB61B /* Build configuration list for PBXNativeTarget "swiftPractice" */ = {
			isa = XCConfigurationList;
			buildConfigurations = (
				097476062C630FD4008CB61B /* Debug */,
				097476072C630FD4008CB61B /* Release */,
			);
			defaultConfigurationIsVisible = 0;
			defaultConfigurationName = Release;
		};
		097476082C630FD4008CB61B /* Build configuration list for PBXNativeTarget "swiftPracticeTests" */ = {
			isa = XCConfigurationList;
			buildConfigurations = (
				097476092C630FD4008CB61B /* Debug */,
				0974760A2C630FD4008CB61B /* Release */,
			);
			defaultConfigurationIsVisible = 0;
			defaultConfigurationName = Release;
		};
		0974760B2C630FD4008CB61B /* Build configuration list for PBXNativeTarget "swiftPracticeUITests" */ = {
			isa = XCConfigurationList;
			buildConfigurations = (
				0974760C2C630FD4008CB61B /* Debug */,
				0974760D2C630FD4008CB61B /* Release */,
			);
			defaultConfigurationIsVisible = 0;
			defaultConfigurationName = Release;
		};
/* End XCConfigurationList section */
	};
	rootObject = 097475D82C630FD3008CB61B /* Project object */;
}
